schema: '2.0'
stages:
  ingest:
    cmd: Rscript pipeline/00-ingest.R
    params:
      params.yaml:
        assessment:
          year: '2022'
          date: '2022-01-01'
          triad: north
          group: residential
          data_year: '2021'
        input:
          min_sale_year: '2013'
          max_sale_year: '2021'
          complex:
            match_exact:
            - meta_township_code
            - meta_class
            - char_bsmt
            - char_gar1_size
            - char_attic_fnsh
            - char_beds
            match_fuzzy:
              rooms: 1
              bldg_sf: 25
              yrblt: 4
              dist_ft: 250
    outs:
    - path: input/assessment_data.parquet
      md5: 7e43b0328ec2122bd0316b3f4843046b
      size: 284494550
    - path: input/complex_id_data.parquet
      md5: 89a3e86d5e04f6e59c759625c8f180c9
      size: 717552
    - path: input/land_nbhd_rate_data.parquet
      md5: ec62f0ca2657094de5cfc4237da63deb
      size: 3610
    - path: input/land_site_rate_data.parquet
      md5: e19cb77d990b3278d65a313006854a1d
      size: 197098
    - path: input/training_data.parquet
      md5: 041e8fb9e641b9dac2932013193d8c42
      size: 127007281
  train:
    cmd: Rscript pipeline/01-train.R
    deps:
    - path: input/training_data.parquet
      md5: 7d8b4e0c4e62311d302efe94ce81fbd1
      size: 100602440
    params:
      params.yaml:
        cv:
          split_prop: 0.8
          num_folds: 10
          initial_set: 16
          max_iterations: 50
          no_improve: 12
          best_metric: rmse
        model.engine: lightgbm
        model.hyperparameter:
          default:
            stop_iter: 14
            num_leaves: 4270
            add_to_linked_depth: 2
            feature_fraction: 0.4120287037454545
            max_cat_threshold: 206
            min_data_per_group: 96
            lambda_l1: 0.48360347165103584
            max_depth: 14
            max_bin: 981
          range:
            stop_iter:
            - 5
            - 30
            num_leaves:
            - 500
            - 6000
            add_to_linked_depth:
            - 1
            - 3
            feature_fraction:
            - 0.3
            - 1.0
            max_cat_threshold:
            - 20
            - 250
            min_data_per_group:
            - 20
            - 250
            lambda_l1:
            - -3
            - 2
            max_depth:
            - 4
            - 16
            max_bin:
            - 50
            - 1200
        model.objective: rmse
        model.parameter:
          num_iterations: 1000
          learning_rate: 0.1
          validation_prop: 0.1
          validation_metric: rmse
          link_max_depth: true
        model.predictor:
          all:
          - meta_township_code
          - meta_nbhd_code
          - meta_tieback_proration_rate
          - char_yrblt
          - char_air
          - char_apts
          - char_attic_fnsh
          - char_attic_type
          - char_beds
          - char_bldg_sf
          - char_bsmt
          - char_bsmt_fin
          - char_ext_wall
          - char_fbath
          - char_frpl
          - char_gar1_area
          - char_gar1_att
          - char_gar1_cnst
          - char_gar1_size
          - char_hbath
          - char_land_sf
          - char_heat
          - char_ncu
          - char_porch
          - char_roof_cnst
          - char_rooms
          - char_tp_dsgn
          - char_tp_plan
          - char_type_resd
          - char_use
          - loc_longitude
          - loc_latitude
          - loc_cook_municipality_name
          - loc_env_flood_fema_sfha
          - loc_env_flood_fs_factor
          - loc_env_flood_fs_risk_direction
          - loc_env_ohare_noise_contour_no_buffer_bool
          - loc_school_elementary_district_geoid
          - loc_school_secondary_district_geoid
          - loc_school_unified_district_geoid
          - loc_tax_special_service_area_num
          - loc_access_cmap_walk_nta_score
          - loc_access_cmap_walk_total_score
          - loc_misc_subdivision_id
          - loc_misc_unincorporated_area_bool
          - prox_num_pin_in_half_mile
          - prox_num_bus_stop_in_half_mile
          - prox_num_foreclosure_per_1000_pin_past_5_years
          - prox_num_school_in_half_mile
          - prox_num_school_with_rating_in_half_mile
          - prox_avg_school_rating_in_half_mile
          - prox_nearest_bike_trail_dist_ft
          - prox_nearest_cemetery_dist_ft
          - prox_nearest_cta_route_dist_ft
          - prox_nearest_cta_stop_dist_ft
          - prox_nearest_hospital_dist_ft
          - prox_lake_michigan_dist_ft
          - prox_nearest_major_road_dist_ft
          - prox_nearest_metra_route_dist_ft
          - prox_nearest_metra_stop_dist_ft
          - prox_nearest_park_dist_ft
          - prox_nearest_railroad_dist_ft
          - prox_nearest_water_dist_ft
          - acs5_percent_age_children
          - acs5_percent_age_senior
          - acs5_median_age_total
          - acs5_percent_mobility_no_move
          - acs5_percent_mobility_moved_from_other_state
          - acs5_percent_household_family_married
          - acs5_percent_household_nonfamily_alone
          - acs5_percent_education_high_school
          - acs5_percent_education_bachelor
          - acs5_percent_education_graduate
          - acs5_percent_income_below_poverty_level
          - acs5_median_income_household_past_year
          - acs5_median_income_per_capita_past_year
          - acs5_percent_income_household_received_snap_past_year
          - acs5_percent_employment_unemployed
          - acs5_median_household_total_occupied_year_built
          - acs5_median_household_renter_occupied_gross_rent
          - acs5_median_household_owner_occupied_value
          - acs5_percent_household_owner_occupied
          - acs5_percent_household_total_occupied_w_sel_cond
          - acs5_percent_mobility_moved_in_county
          - other_ihs_avg_year_index
          - other_tax_bill_rate
          - other_school_district_elementary_avg_rating
          - other_school_district_secondary_avg_rating
          - time_sale_year
          - time_sale_day
          - time_sale_quarter_of_year
          - time_sale_day_of_year
          - ind_pin_is_multicard
          categorical:
          - meta_township_code
          - meta_nbhd_code
          - char_air
          - char_apts
          - char_attic_fnsh
          - char_attic_type
          - char_bsmt
          - char_bsmt_fin
          - char_ext_wall
          - char_gar1_area
          - char_gar1_att
          - char_gar1_cnst
          - char_gar1_size
          - char_heat
          - char_porch
          - char_roof_cnst
          - char_tp_dsgn
          - char_tp_plan
          - char_type_resd
          - char_use
          - loc_cook_municipality_name
          - loc_school_elementary_district_geoid
          - loc_school_secondary_district_geoid
          - loc_school_unified_district_geoid
          - loc_tax_special_service_area_num
          - loc_misc_subdivision_id
          - time_sale_quarter_of_year
          id:
          - meta_year
          - meta_pin
          - meta_class
          - meta_card_num
          - meta_sale_document_num
        model.seed: 20220117
        model.verbose: -1
        ratio_study:
          far_year: '2019'
          far_stage: board
          far_column: meta_2yr_pri_board_tot
          near_year: '2021'
          near_stage: mailed
          near_column: meta_mailed_tot
          num_quantile:
          - 3
          - 5
          - 10
        toggle.cv_enable: true
    outs:
    - path: output/intermediate/timing/model_timing_train.parquet
      md5: bab2c44ab7c8900bae3437748115e7c7
      size: 2331
    - path: output/parameter_final/model_parameter_final.parquet
      md5: 3ca21136fe9c595f2ad28039a5f146f2
      size: 6210
    - path: output/parameter_range/model_parameter_range.parquet
      md5: 397888e306e5560478f716c8e5589209
      size: 1877
    - path: output/parameter_search/model_parameter_search.parquet
      md5: 097cb3c0a60f1aa916454460ef3ec3c6
      size: 136046
    - path: output/test_card/model_test_card.parquet
      md5: 7c5f70015290fef68be1db8649d02b88
      size: 3184015
    - path: output/workflow/fit/model_workflow_fit.zip
      md5: 6fd88e8375a9ca3458810f77e7196d65
      size: 16384760
    - path: output/workflow/recipe/model_workflow_recipe.rds
      md5: 486afb213eb26b6cda7572a6888859a1
      size: 1928862
  assess:
    cmd: Rscript pipeline/02-assess.R
    deps:
    - path: input/assessment_data.parquet
      md5: 27af7eb106b52fe3f71983158321f0a1
      size: 284493350
    - path: input/complex_id_data.parquet
      md5: 765e3dd2ff57b06e225240195b2641f7
      size: 718735
    - path: input/land_nbhd_rate_data.parquet
      md5: ec62f0ca2657094de5cfc4237da63deb
      size: 3610
    - path: input/land_site_rate_data.parquet
      md5: f13077e733fc54a8adfa8c85775468ac
      size: 197096
    - path: input/training_data.parquet
      md5: 7d8b4e0c4e62311d302efe94ce81fbd1
      size: 100602440
    - path: output/workflow/fit/model_workflow_fit.zip
      md5: 6fd88e8375a9ca3458810f77e7196d65
      size: 16384760
    - path: output/workflow/recipe/model_workflow_recipe.rds
      md5: 486afb213eb26b6cda7572a6888859a1
      size: 1928862
    params:
      params.yaml:
        assessment:
          year: '2022'
          date: '2022-01-01'
          triad: north
          group: residential
          data_year: '2021'
        model.predictor.all:
        - meta_township_code
        - meta_nbhd_code
        - meta_tieback_proration_rate
        - char_yrblt
        - char_air
        - char_apts
        - char_attic_fnsh
        - char_attic_type
        - char_beds
        - char_bldg_sf
        - char_bsmt
        - char_bsmt_fin
        - char_ext_wall
        - char_fbath
        - char_frpl
        - char_gar1_area
        - char_gar1_att
        - char_gar1_cnst
        - char_gar1_size
        - char_hbath
        - char_land_sf
        - char_heat
        - char_ncu
        - char_porch
        - char_roof_cnst
        - char_rooms
        - char_tp_dsgn
        - char_tp_plan
        - char_type_resd
        - char_use
        - loc_longitude
        - loc_latitude
        - loc_cook_municipality_name
        - loc_env_flood_fema_sfha
        - loc_env_flood_fs_factor
        - loc_env_flood_fs_risk_direction
        - loc_env_ohare_noise_contour_no_buffer_bool
        - loc_school_elementary_district_geoid
        - loc_school_secondary_district_geoid
        - loc_school_unified_district_geoid
        - loc_tax_special_service_area_num
        - loc_access_cmap_walk_nta_score
        - loc_access_cmap_walk_total_score
        - loc_misc_subdivision_id
        - loc_misc_unincorporated_area_bool
        - prox_num_pin_in_half_mile
        - prox_num_bus_stop_in_half_mile
        - prox_num_foreclosure_per_1000_pin_past_5_years
        - prox_num_school_in_half_mile
        - prox_num_school_with_rating_in_half_mile
        - prox_avg_school_rating_in_half_mile
        - prox_nearest_bike_trail_dist_ft
        - prox_nearest_cemetery_dist_ft
        - prox_nearest_cta_route_dist_ft
        - prox_nearest_cta_stop_dist_ft
        - prox_nearest_hospital_dist_ft
        - prox_lake_michigan_dist_ft
        - prox_nearest_major_road_dist_ft
        - prox_nearest_metra_route_dist_ft
        - prox_nearest_metra_stop_dist_ft
        - prox_nearest_park_dist_ft
        - prox_nearest_railroad_dist_ft
        - prox_nearest_water_dist_ft
        - acs5_percent_age_children
        - acs5_percent_age_senior
        - acs5_median_age_total
        - acs5_percent_mobility_no_move
        - acs5_percent_mobility_moved_from_other_state
        - acs5_percent_household_family_married
        - acs5_percent_household_nonfamily_alone
        - acs5_percent_education_high_school
        - acs5_percent_education_bachelor
        - acs5_percent_education_graduate
        - acs5_percent_income_below_poverty_level
        - acs5_median_income_household_past_year
        - acs5_median_income_per_capita_past_year
        - acs5_percent_income_household_received_snap_past_year
        - acs5_percent_employment_unemployed
        - acs5_median_household_total_occupied_year_built
        - acs5_median_household_renter_occupied_gross_rent
        - acs5_median_household_owner_occupied_value
        - acs5_percent_household_owner_occupied
        - acs5_percent_household_total_occupied_w_sel_cond
        - acs5_percent_mobility_moved_in_county
        - other_ihs_avg_year_index
        - other_tax_bill_rate
        - other_school_district_elementary_avg_rating
        - other_school_district_secondary_avg_rating
        - time_sale_year
        - time_sale_day
        - time_sale_quarter_of_year
        - time_sale_day_of_year
        - ind_pin_is_multicard
        pv:
          multicard_yoy_cap: 2.0
          land_pct_of_total_cap: 0.5
          round_break:
          - 10000
          round_to_nearest:
          - 100
          - 500
          round_type: ceiling
        ratio_study:
          far_year: '2019'
          far_stage: board
          far_column: meta_2yr_pri_board_tot
          near_year: '2021'
          near_stage: mailed
          near_column: meta_mailed_tot
          num_quantile:
          - 3
          - 5
          - 10
    outs:
    - path: output/assessment_card/model_assessment_card.parquet
      md5: 78c0a7e5a14c77cb78eaeba2759c4218
      size: 211432473
    - path: output/assessment_pin/model_assessment_pin.parquet
      md5: e737d784e417d51cb3144751677460c9
      size: 104359895
    - path: output/intermediate/timing/model_timing_assess.parquet
      md5: 811e5a8df6a9c63ef1e7307777a7fa25
      size: 2338
  evaluate:
    cmd: Rscript pipeline/03-evaluate.R
    deps:
    - path: output/assessment_pin/model_assessment_pin.parquet
      md5: e737d784e417d51cb3144751677460c9
      size: 104359895
    - path: output/test_card/model_test_card.parquet
      md5: 7c5f70015290fef68be1db8649d02b88
      size: 3184015
    params:
      params.yaml:
        assessment.data_year: '2021'
        ratio_study:
          far_year: '2019'
          far_stage: board
          far_column: meta_2yr_pri_board_tot
          near_year: '2021'
          near_stage: mailed
          near_column: meta_mailed_tot
          num_quantile:
          - 3
          - 5
          - 10
        run_type: full
    outs:
    - path: output/intermediate/timing/model_timing_evaluate.parquet
      md5: 108f46200d484d02492ab0343f088966
      size: 2352
    - path: output/performance/model_performance_assessment.parquet
      md5: 74ac7b6e1894b024214763ab0cff6e62
      size: 12660651
    - path: output/performance/model_performance_test.parquet
      md5: bdae6533f94f4d7420621d424f9b294b
      size: 9791720
    - path: output/performance_quantile/model_performance_quantile_assessment.parquet
      md5: faf026a97ec5ed434d1a71478c68deea
      size: 5057200
    - path: output/performance_quantile/model_performance_quantile_test.parquet
      md5: 5e3d9c4e786e797ef658cf9e5c61854b
      size: 6127544
  interpret:
    cmd: Rscript pipeline/04-interpret.R
    deps:
    - path: input/assessment_data.parquet
      md5: 27af7eb106b52fe3f71983158321f0a1
      size: 284493350
    - path: output/workflow/fit/model_workflow_fit.zip
      md5: 6fd88e8375a9ca3458810f77e7196d65
      size: 16384760
    - path: output/workflow/recipe/model_workflow_recipe.rds
      md5: 486afb213eb26b6cda7572a6888859a1
      size: 1928862
    params:
      params.yaml:
        model.predictor.all:
        - meta_township_code
        - meta_nbhd_code
        - meta_tieback_proration_rate
        - char_yrblt
        - char_air
        - char_apts
        - char_attic_fnsh
        - char_attic_type
        - char_beds
        - char_bldg_sf
        - char_bsmt
        - char_bsmt_fin
        - char_ext_wall
        - char_fbath
        - char_frpl
        - char_gar1_area
        - char_gar1_att
        - char_gar1_cnst
        - char_gar1_size
        - char_hbath
        - char_land_sf
        - char_heat
        - char_ncu
        - char_porch
        - char_roof_cnst
        - char_rooms
        - char_tp_dsgn
        - char_tp_plan
        - char_type_resd
        - char_use
        - loc_longitude
        - loc_latitude
        - loc_cook_municipality_name
        - loc_env_flood_fema_sfha
        - loc_env_flood_fs_factor
        - loc_env_flood_fs_risk_direction
        - loc_env_ohare_noise_contour_no_buffer_bool
        - loc_school_elementary_district_geoid
        - loc_school_secondary_district_geoid
        - loc_school_unified_district_geoid
        - loc_tax_special_service_area_num
        - loc_access_cmap_walk_nta_score
        - loc_access_cmap_walk_total_score
        - loc_misc_subdivision_id
        - loc_misc_unincorporated_area_bool
        - prox_num_pin_in_half_mile
        - prox_num_bus_stop_in_half_mile
        - prox_num_foreclosure_per_1000_pin_past_5_years
        - prox_num_school_in_half_mile
        - prox_num_school_with_rating_in_half_mile
        - prox_avg_school_rating_in_half_mile
        - prox_nearest_bike_trail_dist_ft
        - prox_nearest_cemetery_dist_ft
        - prox_nearest_cta_route_dist_ft
        - prox_nearest_cta_stop_dist_ft
        - prox_nearest_hospital_dist_ft
        - prox_lake_michigan_dist_ft
        - prox_nearest_major_road_dist_ft
        - prox_nearest_metra_route_dist_ft
        - prox_nearest_metra_stop_dist_ft
        - prox_nearest_park_dist_ft
        - prox_nearest_railroad_dist_ft
        - prox_nearest_water_dist_ft
        - acs5_percent_age_children
        - acs5_percent_age_senior
        - acs5_median_age_total
        - acs5_percent_mobility_no_move
        - acs5_percent_mobility_moved_from_other_state
        - acs5_percent_household_family_married
        - acs5_percent_household_nonfamily_alone
        - acs5_percent_education_high_school
        - acs5_percent_education_bachelor
        - acs5_percent_education_graduate
        - acs5_percent_income_below_poverty_level
        - acs5_median_income_household_past_year
        - acs5_median_income_per_capita_past_year
        - acs5_percent_income_household_received_snap_past_year
        - acs5_percent_employment_unemployed
        - acs5_median_household_total_occupied_year_built
        - acs5_median_household_renter_occupied_gross_rent
        - acs5_median_household_owner_occupied_value
        - acs5_percent_household_owner_occupied
        - acs5_percent_household_total_occupied_w_sel_cond
        - acs5_percent_mobility_moved_in_county
        - other_ihs_avg_year_index
        - other_tax_bill_rate
        - other_school_district_elementary_avg_rating
        - other_school_district_secondary_avg_rating
        - time_sale_year
        - time_sale_day
        - time_sale_quarter_of_year
        - time_sale_day_of_year
        - ind_pin_is_multicard
    outs:
    - path: output/intermediate/timing/model_timing_interpret.parquet
      md5: c0008e116712df635d3bd45c76d6129d
      size: 2359
    - path: output/shap/model_shap.parquet
      md5: 30f324fe3537e9f3078476c55cc7650a
      size: 838858821
  finalize:
    cmd: Rscript pipeline/05-finalize.R
    deps:
    - path: output/assessment_card/model_assessment_card.parquet
      md5: 78c0a7e5a14c77cb78eaeba2759c4218
      size: 211432473
    - path: output/assessment_pin/model_assessment_pin.parquet
      md5: e737d784e417d51cb3144751677460c9
      size: 104359895
    - path: output/intermediate/timing/model_timing_assess.parquet
      md5: 811e5a8df6a9c63ef1e7307777a7fa25
      size: 2338
    - path: output/intermediate/timing/model_timing_evaluate.parquet
      md5: 108f46200d484d02492ab0343f088966
      size: 2352
    - path: output/intermediate/timing/model_timing_interpret.parquet
      md5: c0008e116712df635d3bd45c76d6129d
      size: 2359
    - path: output/intermediate/timing/model_timing_train.parquet
      md5: bab2c44ab7c8900bae3437748115e7c7
      size: 2331
    - path: output/parameter_final/model_parameter_final.parquet
      md5: 3ca21136fe9c595f2ad28039a5f146f2
      size: 6210
    - path: output/parameter_range/model_parameter_range.parquet
      md5: 397888e306e5560478f716c8e5589209
      size: 1877
    - path: output/parameter_search/model_parameter_search.parquet
      md5: 097cb3c0a60f1aa916454460ef3ec3c6
      size: 136046
    - path: output/performance/model_performance_assessment.parquet
      md5: 74ac7b6e1894b024214763ab0cff6e62
      size: 12660651
    - path: output/performance/model_performance_test.parquet
      md5: bdae6533f94f4d7420621d424f9b294b
      size: 9791720
    - path: output/performance_quantile/model_performance_quantile_assessment.parquet
      md5: faf026a97ec5ed434d1a71478c68deea
      size: 5057200
    - path: output/performance_quantile/model_performance_quantile_test.parquet
      md5: 5e3d9c4e786e797ef658cf9e5c61854b
      size: 6127544
    - path: output/shap/model_shap.parquet
      md5: 30f324fe3537e9f3078476c55cc7650a
      size: 838858821
    - path: output/test_card/model_test_card.parquet
      md5: 7c5f70015290fef68be1db8649d02b88
      size: 3184015
    - path: output/workflow/fit/model_workflow_fit.zip
      md5: 6fd88e8375a9ca3458810f77e7196d65
      size: 16384760
    - path: output/workflow/recipe/model_workflow_recipe.rds
      md5: 486afb213eb26b6cda7572a6888859a1
      size: 1928862
    params:
      params.yaml:
        cv:
          split_prop: 0.8
          num_folds: 10
          initial_set: 16
          max_iterations: 50
          no_improve: 12
          best_metric: rmse
        input:
          min_sale_year: '2015'
          max_sale_year: '2021'
          complex:
            match_exact:
            - meta_township_code
            - meta_class
            - char_bsmt
            - char_gar1_size
            - char_attic_fnsh
            - char_beds
            match_fuzzy:
              rooms: 1
              bldg_sf: 25
              yrblt: 4
              dist_ft: 250
        model:
          engine: lightgbm
          objective: rmse
          seed: 20220117
          verbose: -1
          predictor:
            all:
            - meta_township_code
            - meta_nbhd_code
            - meta_tieback_proration_rate
            - char_yrblt
            - char_air
            - char_apts
            - char_attic_fnsh
            - char_attic_type
            - char_beds
            - char_bldg_sf
            - char_bsmt
            - char_bsmt_fin
            - char_ext_wall
            - char_fbath
            - char_frpl
            - char_gar1_area
            - char_gar1_att
            - char_gar1_cnst
            - char_gar1_size
            - char_hbath
            - char_land_sf
            - char_heat
            - char_ncu
            - char_porch
            - char_roof_cnst
            - char_rooms
            - char_tp_dsgn
            - char_tp_plan
            - char_type_resd
            - char_use
            - loc_longitude
            - loc_latitude
            - loc_cook_municipality_name
            - loc_env_flood_fema_sfha
            - loc_env_flood_fs_factor
            - loc_env_flood_fs_risk_direction
            - loc_env_ohare_noise_contour_no_buffer_bool
            - loc_school_elementary_district_geoid
            - loc_school_secondary_district_geoid
            - loc_school_unified_district_geoid
            - loc_tax_special_service_area_num
            - loc_access_cmap_walk_nta_score
            - loc_access_cmap_walk_total_score
            - loc_misc_subdivision_id
            - loc_misc_unincorporated_area_bool
            - prox_num_pin_in_half_mile
            - prox_num_bus_stop_in_half_mile
            - prox_num_foreclosure_per_1000_pin_past_5_years
            - prox_num_school_in_half_mile
            - prox_num_school_with_rating_in_half_mile
            - prox_avg_school_rating_in_half_mile
            - prox_nearest_bike_trail_dist_ft
            - prox_nearest_cemetery_dist_ft
            - prox_nearest_cta_route_dist_ft
            - prox_nearest_cta_stop_dist_ft
            - prox_nearest_hospital_dist_ft
            - prox_lake_michigan_dist_ft
            - prox_nearest_major_road_dist_ft
            - prox_nearest_metra_route_dist_ft
            - prox_nearest_metra_stop_dist_ft
            - prox_nearest_park_dist_ft
            - prox_nearest_railroad_dist_ft
            - prox_nearest_water_dist_ft
            - acs5_percent_age_children
            - acs5_percent_age_senior
            - acs5_median_age_total
            - acs5_percent_mobility_no_move
            - acs5_percent_mobility_moved_from_other_state
            - acs5_percent_household_family_married
            - acs5_percent_household_nonfamily_alone
            - acs5_percent_education_high_school
            - acs5_percent_education_bachelor
            - acs5_percent_education_graduate
            - acs5_percent_income_below_poverty_level
            - acs5_median_income_household_past_year
            - acs5_median_income_per_capita_past_year
            - acs5_percent_income_household_received_snap_past_year
            - acs5_percent_employment_unemployed
            - acs5_median_household_total_occupied_year_built
            - acs5_median_household_renter_occupied_gross_rent
            - acs5_median_household_owner_occupied_value
            - acs5_percent_household_owner_occupied
            - acs5_percent_household_total_occupied_w_sel_cond
            - acs5_percent_mobility_moved_in_county
            - other_ihs_avg_year_index
            - other_tax_bill_rate
            - other_school_district_elementary_avg_rating
            - other_school_district_secondary_avg_rating
            - time_sale_year
            - time_sale_day
            - time_sale_quarter_of_year
            - time_sale_day_of_year
            - ind_pin_is_multicard
            categorical:
            - meta_township_code
            - meta_nbhd_code
            - char_air
            - char_apts
            - char_attic_fnsh
            - char_attic_type
            - char_bsmt
            - char_bsmt_fin
            - char_ext_wall
            - char_gar1_area
            - char_gar1_att
            - char_gar1_cnst
            - char_gar1_size
            - char_heat
            - char_porch
            - char_roof_cnst
            - char_tp_dsgn
            - char_tp_plan
            - char_type_resd
            - char_use
            - loc_cook_municipality_name
            - loc_school_elementary_district_geoid
            - loc_school_secondary_district_geoid
            - loc_school_unified_district_geoid
            - loc_tax_special_service_area_num
            - loc_misc_subdivision_id
            - time_sale_quarter_of_year
            id:
            - meta_year
            - meta_pin
            - meta_class
            - meta_card_num
            - meta_sale_document_num
          parameter:
            num_iterations: 1000
            learning_rate: 0.1
            validation_prop: 0.1
            validation_metric: rmse
            link_max_depth: true
          hyperparameter:
            default:
              stop_iter: 14
              num_leaves: 4270
              add_to_linked_depth: 2
              feature_fraction: 0.4120287037454545
              max_cat_threshold: 206
              min_data_per_group: 96
              lambda_l1: 0.48360347165103584
              max_depth: 14
              max_bin: 981
            range:
              stop_iter:
              - 5
              - 30
              num_leaves:
              - 500
              - 6000
              add_to_linked_depth:
              - 1
              - 3
              feature_fraction:
              - 0.3
              - 1.0
              max_cat_threshold:
              - 20
              - 250
              min_data_per_group:
              - 20
              - 250
              lambda_l1:
              - -3
              - 2
              max_depth:
              - 4
              - 16
              max_bin:
              - 50
              - 1200
        pv:
          multicard_yoy_cap: 2.0
          land_pct_of_total_cap: 0.5
          round_break:
          - 10000
          round_to_nearest:
          - 100
          - 500
          round_type: ceiling
        ratio_study:
          far_year: '2019'
          far_stage: board
          far_column: meta_2yr_pri_board_tot
          near_year: '2021'
          near_stage: mailed
          near_column: meta_mailed_tot
          num_quantile:
          - 3
          - 5
          - 10
        run_note: "Back to test/train time-based split. RMSE obj function. Stratified\
          \ CV with 10 breaks and 5 repeats.\n"
        run_type: full
        toggle:
          cv_enable: true
          upload_to_s3: true
    outs:
    - path: output/metadata/model_metadata.parquet
      md5: f6e1cd539c9e66ddce9f32cbe4d0b8d3
      size: 24125
    - path: output/timing/model_timing.parquet
      md5: 807cf91ffd9342c1ed7dda39eaf73625
      size: 5221
