schema: '2.0'
stages:
  ingest:
    cmd: Rscript pipeline/00-ingest.R
    params:
      params.yaml:
        assessment:
          year: '2023'
          date: '2023-01-01'
          triad: south
          group: residential
          data_year: '2022'
        input:
          min_sale_year: '2014'
          max_sale_year: '2022'
          time_split: 15
          sale_validation:
            stat_groups:
            - meta_year
            - meta_township_code
            - meta_class
            iso_forest:
            - meta_sale_price
            - sv_price_per_sqft
            - sv_days_since_last_transaction
            - sv_cgdr
            - sv_sale_dup_counts
            dev_bounds:
            - 2
            - 3
          complex:
            match_exact:
            - meta_township_code
            - meta_class
            - char_bsmt
            - char_gar1_size
            - char_attic_fnsh
            - char_beds
            - meta_pin_num_cards
            - meta_tieback_proration_rate
            match_fuzzy:
              rooms: 1
              bldg_sf: 25
              yrblt: 4
              dist_ft: 250
    outs:
    - path: input/assessment_data.parquet
      md5: 8d9c625389f7acbd230fed9d7a481247
      size: 299460934
    - path: input/complex_id_data.parquet
      md5: 4ea318bdabdffabac75fa04e2b48295b
      size: 730032
    - path: input/land_nbhd_rate_data.parquet
      md5: 730c5638b23ef13d160b65c1ad35549c
      size: 4246
    - path: input/land_site_rate_data.parquet
      md5: 1aca61d6c93cb243322cc890fb7a4e71
      size: 1754
    - path: input/training_data.parquet
      md5: 57668d6ebd4cbfc1b444d8d0232c796c
      size: 149053138
  train:
    cmd: Rscript pipeline/01-train.R
    deps:
    - path: input/training_data.parquet
      md5: 57668d6ebd4cbfc1b444d8d0232c796c
      size: 149053138
    params:
      params.yaml:
        cv:
          split_prop: 0.9
          initial_set: 25
          max_iterations: 70
          no_improve: 30
          best_metric: rmse
        input.time_split: 15
        model.engine: lightgbm
        model.hyperparameter:
          default:
            num_leaves: 130
            add_to_linked_depth: 4
            feature_fraction: 0.475
            min_gain_to_split: 5.5
            min_data_in_leaf: 4
            max_cat_threshold: 200
            min_data_per_group: 75
            cat_smooth: 40.0
            cat_l2: 1.0
            lambda_l1: 0.124
            lambda_l2: 1.655
          range:
            num_leaves:
            - 50
            - 2000
            add_to_linked_depth:
            - 1
            - 7
            feature_fraction:
            - 0.3
            - 0.7
            min_gain_to_split:
            - -3.0
            - 4
            min_data_in_leaf:
            - 2
            - 300
            max_cat_threshold:
            - 10
            - 250
            min_data_per_group:
            - 4
            - 300
            cat_smooth:
            - 10.0
            - 200.0
            cat_l2:
            - -3
            - 2
            lambda_l1:
            - -3
            - 2
            lambda_l2:
            - -3
            - 2
        model.objective: rmse
        model.parameter:
          num_iterations: 20
          learning_rate: 0.2
          validation_prop: 0.1
          validation_type: recent
          validation_metric: rmse
          link_max_depth: true
          max_bin: 512
          stop_iter: 40
        model.predictor:
          all:
          - meta_township_code
          - meta_nbhd_code
          - meta_modeling_group
          - meta_tieback_proration_rate
          - char_yrblt
          - char_air
          - char_apts
          - char_attic_fnsh
          - char_attic_type
          - char_beds
          - char_bldg_sf
          - char_bsmt
          - char_bsmt_fin
          - char_ext_wall
          - char_fbath
          - char_frpl
          - char_gar1_area
          - char_gar1_att
          - char_gar1_cnst
          - char_gar1_size
          - char_hbath
          - char_land_sf
          - char_heat
          - char_ncu
          - char_porch
          - char_roof_cnst
          - char_rooms
          - char_tp_dsgn
          - char_tp_plan
          - char_type_resd
          - char_recent_renovation
          - loc_longitude
          - loc_latitude
          - loc_env_flood_fema_sfha
          - loc_env_flood_fs_factor
          - loc_env_flood_fs_risk_direction
          - loc_env_airport_noise_dnl
          - loc_school_elementary_district_geoid
          - loc_school_secondary_district_geoid
          - loc_access_cmap_walk_nta_score
          - loc_access_cmap_walk_total_score
          - loc_cook_municipality_name
          - prox_num_pin_in_half_mile
          - prox_num_bus_stop_in_half_mile
          - prox_num_foreclosure_per_1000_pin_past_5_years
          - prox_num_school_in_half_mile
          - prox_num_school_with_rating_in_half_mile
          - prox_avg_school_rating_in_half_mile
          - prox_nearest_bike_trail_dist_ft
          - prox_nearest_cemetery_dist_ft
          - prox_nearest_cta_route_dist_ft
          - prox_nearest_cta_stop_dist_ft
          - prox_nearest_hospital_dist_ft
          - prox_lake_michigan_dist_ft
          - prox_nearest_major_road_dist_ft
          - prox_nearest_metra_route_dist_ft
          - prox_nearest_metra_stop_dist_ft
          - prox_nearest_park_dist_ft
          - prox_nearest_railroad_dist_ft
          - prox_nearest_water_dist_ft
          - prox_nearest_golf_course_dist_ft
          - acs5_percent_age_children
          - acs5_percent_age_senior
          - acs5_median_age_total
          - acs5_percent_mobility_no_move
          - acs5_percent_mobility_moved_from_other_state
          - acs5_percent_household_family_married
          - acs5_percent_household_nonfamily_alone
          - acs5_percent_education_high_school
          - acs5_percent_education_bachelor
          - acs5_percent_education_graduate
          - acs5_percent_income_below_poverty_level
          - acs5_median_income_household_past_year
          - acs5_median_income_per_capita_past_year
          - acs5_percent_income_household_received_snap_past_year
          - acs5_percent_employment_unemployed
          - acs5_median_household_total_occupied_year_built
          - acs5_median_household_renter_occupied_gross_rent
          - acs5_percent_household_owner_occupied
          - acs5_percent_household_total_occupied_w_sel_cond
          - acs5_percent_mobility_moved_in_county
          - other_tax_bill_rate
          - other_school_district_elementary_avg_rating
          - other_school_district_secondary_avg_rating
          - time_sale_year
          - time_sale_day
          - time_sale_quarter_of_year
          - time_sale_month_of_year
          - time_sale_day_of_year
          - time_sale_day_of_month
          - time_sale_day_of_week
          - time_sale_post_covid
          categorical:
          - meta_township_code
          - meta_nbhd_code
          - meta_modeling_group
          - char_air
          - char_apts
          - char_attic_fnsh
          - char_attic_type
          - char_bsmt
          - char_bsmt_fin
          - char_ext_wall
          - char_gar1_area
          - char_gar1_att
          - char_gar1_cnst
          - char_gar1_size
          - char_heat
          - char_porch
          - char_roof_cnst
          - char_tp_dsgn
          - char_tp_plan
          - char_type_resd
          - loc_cook_municipality_name
          - loc_school_elementary_district_geoid
          - loc_school_secondary_district_geoid
          - time_sale_quarter_of_year
          id:
          - meta_year
          - meta_pin
          - meta_class
          - meta_card_num
          - meta_sale_document_num
        model.seed: 2023
        model.verbose: -1
        ratio_study:
          far_year: '2020'
          far_stage: board
          far_column: meta_2yr_pri_board_tot
          near_year: '2022'
          near_stage: certified
          near_column: meta_certified_tot
          num_quantile:
          - 3
          - 5
          - 10
        toggle.cv_enable: false
    outs:
    - path: output/intermediate/timing/model_timing_train.parquet
      md5: eeda1c5c19d2e12cc99862fb3d069e1a
      size: 2865
    - path: output/parameter_final/model_parameter_final.parquet
      md5: 683143365b30aa13e8fbbcce129d9eae
      size: 8508
    - path: output/parameter_range/model_parameter_range.parquet
      md5: 3b2015c65992cfcc2a46b1c029d62212
      size: 501
    - path: output/parameter_search/model_parameter_search.parquet
      md5: 3b2015c65992cfcc2a46b1c029d62212
      size: 501
    - path: output/test_card/model_test_card.parquet
      md5: c5c6c73784c299aee6f127344fd43c7c
      size: 1975282
    - path: output/workflow/fit/model_workflow_fit.zip
      md5: 5da9b1765cb40eae119bd055a1845b56
      size: 112050
    - path: output/workflow/recipe/model_workflow_recipe.rds
      md5: bd5e6bb7237135ac0e6a97426f970b70
      size: 2013956
  assess:
    cmd: Rscript pipeline/02-assess.R
    deps:
    - path: input/assessment_data.parquet
      md5: 8d9c625389f7acbd230fed9d7a481247
      size: 299460934
    - path: input/complex_id_data.parquet
      md5: 4ea318bdabdffabac75fa04e2b48295b
      size: 730032
    - path: input/land_nbhd_rate_data.parquet
      md5: 730c5638b23ef13d160b65c1ad35549c
      size: 4246
    - path: input/land_site_rate_data.parquet
      md5: 1aca61d6c93cb243322cc890fb7a4e71
      size: 1754
    - path: input/training_data.parquet
      md5: 57668d6ebd4cbfc1b444d8d0232c796c
      size: 149053138
    - path: output/workflow/fit/model_workflow_fit.zip
      md5: 5da9b1765cb40eae119bd055a1845b56
      size: 112050
    - path: output/workflow/recipe/model_workflow_recipe.rds
      md5: bd5e6bb7237135ac0e6a97426f970b70
      size: 2013956
    params:
      params.yaml:
        assessment:
          year: '2023'
          date: '2023-01-01'
          triad: south
          group: residential
          data_year: '2022'
        model.predictor.all:
        - meta_township_code
        - meta_nbhd_code
        - meta_modeling_group
        - meta_tieback_proration_rate
        - char_yrblt
        - char_air
        - char_apts
        - char_attic_fnsh
        - char_attic_type
        - char_beds
        - char_bldg_sf
        - char_bsmt
        - char_bsmt_fin
        - char_ext_wall
        - char_fbath
        - char_frpl
        - char_gar1_area
        - char_gar1_att
        - char_gar1_cnst
        - char_gar1_size
        - char_hbath
        - char_land_sf
        - char_heat
        - char_ncu
        - char_porch
        - char_roof_cnst
        - char_rooms
        - char_tp_dsgn
        - char_tp_plan
        - char_type_resd
        - char_recent_renovation
        - loc_longitude
        - loc_latitude
        - loc_env_flood_fema_sfha
        - loc_env_flood_fs_factor
        - loc_env_flood_fs_risk_direction
        - loc_env_airport_noise_dnl
        - loc_school_elementary_district_geoid
        - loc_school_secondary_district_geoid
        - loc_access_cmap_walk_nta_score
        - loc_access_cmap_walk_total_score
        - loc_cook_municipality_name
        - prox_num_pin_in_half_mile
        - prox_num_bus_stop_in_half_mile
        - prox_num_foreclosure_per_1000_pin_past_5_years
        - prox_num_school_in_half_mile
        - prox_num_school_with_rating_in_half_mile
        - prox_avg_school_rating_in_half_mile
        - prox_nearest_bike_trail_dist_ft
        - prox_nearest_cemetery_dist_ft
        - prox_nearest_cta_route_dist_ft
        - prox_nearest_cta_stop_dist_ft
        - prox_nearest_hospital_dist_ft
        - prox_lake_michigan_dist_ft
        - prox_nearest_major_road_dist_ft
        - prox_nearest_metra_route_dist_ft
        - prox_nearest_metra_stop_dist_ft
        - prox_nearest_park_dist_ft
        - prox_nearest_railroad_dist_ft
        - prox_nearest_water_dist_ft
        - prox_nearest_golf_course_dist_ft
        - acs5_percent_age_children
        - acs5_percent_age_senior
        - acs5_median_age_total
        - acs5_percent_mobility_no_move
        - acs5_percent_mobility_moved_from_other_state
        - acs5_percent_household_family_married
        - acs5_percent_household_nonfamily_alone
        - acs5_percent_education_high_school
        - acs5_percent_education_bachelor
        - acs5_percent_education_graduate
        - acs5_percent_income_below_poverty_level
        - acs5_median_income_household_past_year
        - acs5_median_income_per_capita_past_year
        - acs5_percent_income_household_received_snap_past_year
        - acs5_percent_employment_unemployed
        - acs5_median_household_total_occupied_year_built
        - acs5_median_household_renter_occupied_gross_rent
        - acs5_percent_household_owner_occupied
        - acs5_percent_household_total_occupied_w_sel_cond
        - acs5_percent_mobility_moved_in_county
        - other_tax_bill_rate
        - other_school_district_elementary_avg_rating
        - other_school_district_secondary_avg_rating
        - time_sale_year
        - time_sale_day
        - time_sale_quarter_of_year
        - time_sale_month_of_year
        - time_sale_day_of_year
        - time_sale_day_of_month
        - time_sale_day_of_week
        - time_sale_post_covid
        pv:
          multicard_yoy_cap: 2.2
          land_pct_of_total_cap: 0.5
          round_break:
          - 1000
          - 10000
          - 100000
          round_to_nearest:
          - 1
          - 500
          - 5000
          - 10000
          round_type: floor
        ratio_study:
          far_year: '2020'
          far_stage: board
          far_column: meta_2yr_pri_board_tot
          near_year: '2022'
          near_stage: certified
          near_column: meta_certified_tot
          num_quantile:
          - 3
          - 5
          - 10
    outs:
    - path: output/assessment_card/model_assessment_card.parquet
      md5: da53ffee340aa58f967ddf929b78163f
      size: 217458089
    - path: output/assessment_pin/model_assessment_pin.parquet
      md5: 424a711e79c365b5ee5c24f497a3e280
      size: 119337180
    - path: output/intermediate/timing/model_timing_assess.parquet
      md5: b9aa80170af227ba8f660d1ab120cd44
      size: 2872
  evaluate:
    cmd: Rscript pipeline/03-evaluate.R
    deps:
    - path: output/assessment_pin/model_assessment_pin.parquet
      md5: 424a711e79c365b5ee5c24f497a3e280
      size: 119337180
    - path: output/test_card/model_test_card.parquet
      md5: c5c6c73784c299aee6f127344fd43c7c
      size: 1975282
    params:
      params.yaml:
        assessment.data_year: '2022'
        ratio_study:
          far_year: '2020'
          far_stage: board
          far_column: meta_2yr_pri_board_tot
          near_year: '2022'
          near_stage: certified
          near_column: meta_certified_tot
          num_quantile:
          - 3
          - 5
          - 10
        run_type: full
    outs:
    - path: output/intermediate/timing/model_timing_evaluate.parquet
      md5: a74edd4b004e773b57c0e4b707403f08
      size: 2907
    - path: output/performance/model_performance_assessment.parquet
      md5: a14a8f2e20241c6577d77515a1083c91
      size: 3833175
    - path: output/performance/model_performance_test.parquet
      md5: c637fe6c10c0a4ff575a1badcf0c2035
      size: 8789566
    - path: output/performance_quantile/model_performance_quantile_assessment.parquet
      md5: 66fa93c447ac03fd896b5d019c8ffddf
      size: 1499537
    - path: output/performance_quantile/model_performance_quantile_test.parquet
      md5: 69c93f749721232da89002b7c3bb44c0
      size: 5082853
  interpret:
    cmd: Rscript pipeline/04-interpret.R
    deps:
    - path: input/assessment_data.parquet
      md5: 8d9c625389f7acbd230fed9d7a481247
      size: 299460934
    - path: output/workflow/fit/model_workflow_fit.zip
      md5: 5da9b1765cb40eae119bd055a1845b56
      size: 112050
    - path: output/workflow/recipe/model_workflow_recipe.rds
      md5: bd5e6bb7237135ac0e6a97426f970b70
      size: 2013956
    params:
      params.yaml:
        model.predictor.all:
        - meta_township_code
        - meta_nbhd_code
        - meta_modeling_group
        - meta_tieback_proration_rate
        - char_yrblt
        - char_air
        - char_apts
        - char_attic_fnsh
        - char_attic_type
        - char_beds
        - char_bldg_sf
        - char_bsmt
        - char_bsmt_fin
        - char_ext_wall
        - char_fbath
        - char_frpl
        - char_gar1_area
        - char_gar1_att
        - char_gar1_cnst
        - char_gar1_size
        - char_hbath
        - char_land_sf
        - char_heat
        - char_ncu
        - char_porch
        - char_roof_cnst
        - char_rooms
        - char_tp_dsgn
        - char_tp_plan
        - char_type_resd
        - char_recent_renovation
        - loc_longitude
        - loc_latitude
        - loc_env_flood_fema_sfha
        - loc_env_flood_fs_factor
        - loc_env_flood_fs_risk_direction
        - loc_env_airport_noise_dnl
        - loc_school_elementary_district_geoid
        - loc_school_secondary_district_geoid
        - loc_access_cmap_walk_nta_score
        - loc_access_cmap_walk_total_score
        - loc_cook_municipality_name
        - prox_num_pin_in_half_mile
        - prox_num_bus_stop_in_half_mile
        - prox_num_foreclosure_per_1000_pin_past_5_years
        - prox_num_school_in_half_mile
        - prox_num_school_with_rating_in_half_mile
        - prox_avg_school_rating_in_half_mile
        - prox_nearest_bike_trail_dist_ft
        - prox_nearest_cemetery_dist_ft
        - prox_nearest_cta_route_dist_ft
        - prox_nearest_cta_stop_dist_ft
        - prox_nearest_hospital_dist_ft
        - prox_lake_michigan_dist_ft
        - prox_nearest_major_road_dist_ft
        - prox_nearest_metra_route_dist_ft
        - prox_nearest_metra_stop_dist_ft
        - prox_nearest_park_dist_ft
        - prox_nearest_railroad_dist_ft
        - prox_nearest_water_dist_ft
        - prox_nearest_golf_course_dist_ft
        - acs5_percent_age_children
        - acs5_percent_age_senior
        - acs5_median_age_total
        - acs5_percent_mobility_no_move
        - acs5_percent_mobility_moved_from_other_state
        - acs5_percent_household_family_married
        - acs5_percent_household_nonfamily_alone
        - acs5_percent_education_high_school
        - acs5_percent_education_bachelor
        - acs5_percent_education_graduate
        - acs5_percent_income_below_poverty_level
        - acs5_median_income_household_past_year
        - acs5_median_income_per_capita_past_year
        - acs5_percent_income_household_received_snap_past_year
        - acs5_percent_employment_unemployed
        - acs5_median_household_total_occupied_year_built
        - acs5_median_household_renter_occupied_gross_rent
        - acs5_percent_household_owner_occupied
        - acs5_percent_household_total_occupied_w_sel_cond
        - acs5_percent_mobility_moved_in_county
        - other_tax_bill_rate
        - other_school_district_elementary_avg_rating
        - other_school_district_secondary_avg_rating
        - time_sale_year
        - time_sale_day
        - time_sale_quarter_of_year
        - time_sale_month_of_year
        - time_sale_day_of_year
        - time_sale_day_of_month
        - time_sale_day_of_week
        - time_sale_post_covid
    outs:
    - path: output/feature_importance/model_feature_importance.parquet
      md5: 0806577f3014150adb5fd2590c89966b
      size: 8725
    - path: output/intermediate/timing/model_timing_interpret.parquet
      md5: e98cb6e14dbfb6ff9c80aec9fd086404
      size: 2914
    - path: output/shap/model_shap.parquet
      md5: 3b2015c65992cfcc2a46b1c029d62212
      size: 501
  finalize:
    cmd: Rscript pipeline/05-finalize.R
    deps:
    - path: output/intermediate/timing/model_timing_assess.parquet
      md5: b9aa80170af227ba8f660d1ab120cd44
      size: 2872
    - path: output/intermediate/timing/model_timing_evaluate.parquet
      md5: a74edd4b004e773b57c0e4b707403f08
      size: 2907
    - path: output/intermediate/timing/model_timing_interpret.parquet
      md5: e98cb6e14dbfb6ff9c80aec9fd086404
      size: 2914
    - path: output/intermediate/timing/model_timing_train.parquet
      md5: eeda1c5c19d2e12cc99862fb3d069e1a
      size: 2865
    params:
      params.yaml:
        cv:
          split_prop: 0.9
          initial_set: 25
          max_iterations: 70
          no_improve: 30
          best_metric: rmse
        input:
          min_sale_year: '2014'
          max_sale_year: '2022'
          time_split: 15
          complex:
            match_exact:
            - meta_township_code
            - meta_class
            - char_bsmt
            - char_gar1_size
            - char_attic_fnsh
            - char_beds
            - meta_pin_num_cards
            - meta_tieback_proration_rate
            match_fuzzy:
              rooms: 1
              bldg_sf: 25
              yrblt: 4
              dist_ft: 250
        model:
          engine: lightgbm
          objective: rmse
          seed: 2023
          deterministic: true
          force_row_wise: true
          verbose: -1
          predictor:
            all:
            - meta_township_code
            - meta_nbhd_code
            - meta_modeling_group
            - meta_tieback_proration_rate
            - char_yrblt
            - char_air
            - char_apts
            - char_attic_fnsh
            - char_attic_type
            - char_beds
            - char_bldg_sf
            - char_bsmt
            - char_bsmt_fin
            - char_ext_wall
            - char_fbath
            - char_frpl
            - char_gar1_area
            - char_gar1_att
            - char_gar1_cnst
            - char_gar1_size
            - char_hbath
            - char_land_sf
            - char_heat
            - char_ncu
            - char_porch
            - char_roof_cnst
            - char_rooms
            - char_tp_dsgn
            - char_tp_plan
            - char_type_resd
            - char_recent_renovation
            - loc_longitude
            - loc_latitude
            - loc_env_flood_fema_sfha
            - loc_env_flood_fs_factor
            - loc_env_flood_fs_risk_direction
            - loc_env_airport_noise_dnl
            - loc_school_elementary_district_geoid
            - loc_school_secondary_district_geoid
            - loc_access_cmap_walk_nta_score
            - loc_access_cmap_walk_total_score
            - loc_cook_municipality_name
            - prox_num_pin_in_half_mile
            - prox_num_bus_stop_in_half_mile
            - prox_num_foreclosure_per_1000_pin_past_5_years
            - prox_num_school_in_half_mile
            - prox_num_school_with_rating_in_half_mile
            - prox_avg_school_rating_in_half_mile
            - prox_nearest_bike_trail_dist_ft
            - prox_nearest_cemetery_dist_ft
            - prox_nearest_cta_route_dist_ft
            - prox_nearest_cta_stop_dist_ft
            - prox_nearest_hospital_dist_ft
            - prox_lake_michigan_dist_ft
            - prox_nearest_major_road_dist_ft
            - prox_nearest_metra_route_dist_ft
            - prox_nearest_metra_stop_dist_ft
            - prox_nearest_park_dist_ft
            - prox_nearest_railroad_dist_ft
            - prox_nearest_water_dist_ft
            - prox_nearest_golf_course_dist_ft
            - acs5_percent_age_children
            - acs5_percent_age_senior
            - acs5_median_age_total
            - acs5_percent_mobility_no_move
            - acs5_percent_mobility_moved_from_other_state
            - acs5_percent_household_family_married
            - acs5_percent_household_nonfamily_alone
            - acs5_percent_education_high_school
            - acs5_percent_education_bachelor
            - acs5_percent_education_graduate
            - acs5_percent_income_below_poverty_level
            - acs5_median_income_household_past_year
            - acs5_median_income_per_capita_past_year
            - acs5_percent_income_household_received_snap_past_year
            - acs5_percent_employment_unemployed
            - acs5_median_household_total_occupied_year_built
            - acs5_median_household_renter_occupied_gross_rent
            - acs5_percent_household_owner_occupied
            - acs5_percent_household_total_occupied_w_sel_cond
            - acs5_percent_mobility_moved_in_county
            - other_tax_bill_rate
            - other_school_district_elementary_avg_rating
            - other_school_district_secondary_avg_rating
            - time_sale_year
            - time_sale_day
            - time_sale_quarter_of_year
            - time_sale_month_of_year
            - time_sale_day_of_year
            - time_sale_day_of_month
            - time_sale_day_of_week
            - time_sale_post_covid
            categorical:
            - meta_township_code
            - meta_nbhd_code
            - meta_modeling_group
            - char_air
            - char_apts
            - char_attic_fnsh
            - char_attic_type
            - char_bsmt
            - char_bsmt_fin
            - char_ext_wall
            - char_gar1_area
            - char_gar1_att
            - char_gar1_cnst
            - char_gar1_size
            - char_heat
            - char_porch
            - char_roof_cnst
            - char_tp_dsgn
            - char_tp_plan
            - char_type_resd
            - loc_cook_municipality_name
            - loc_school_elementary_district_geoid
            - loc_school_secondary_district_geoid
            - time_sale_quarter_of_year
            id:
            - meta_year
            - meta_pin
            - meta_class
            - meta_card_num
            - meta_sale_document_num
          parameter:
            num_iterations: 20
            learning_rate: 0.2
            validation_prop: 0.1
            validation_type: recent
            validation_metric: rmse
            link_max_depth: true
            max_bin: 512
            stop_iter: 40
          hyperparameter:
            default:
              num_leaves: 130
              add_to_linked_depth: 4
              feature_fraction: 0.475
              min_gain_to_split: 5.5
              min_data_in_leaf: 4
              max_cat_threshold: 200
              min_data_per_group: 75
              cat_smooth: 40.0
              cat_l2: 1.0
              lambda_l1: 0.124
              lambda_l2: 1.655
            range:
              num_leaves:
              - 50
              - 2000
              add_to_linked_depth:
              - 1
              - 7
              feature_fraction:
              - 0.3
              - 0.7
              min_gain_to_split:
              - -3.0
              - 4
              min_data_in_leaf:
              - 2
              - 300
              max_cat_threshold:
              - 10
              - 250
              min_data_per_group:
              - 4
              - 300
              cat_smooth:
              - 10.0
              - 200.0
              cat_l2:
              - -3
              - 2
              lambda_l1:
              - -3
              - 2
              lambda_l2:
              - -3
              - 2
        pv:
          multicard_yoy_cap: 2.2
          land_pct_of_total_cap: 0.5
          round_break:
          - 1000
          - 10000
          - 100000
          round_to_nearest:
          - 1
          - 500
          - 5000
          - 10000
          round_type: floor
        ratio_study:
          far_year: '2020'
          far_stage: board
          far_column: meta_2yr_pri_board_tot
          near_year: '2022'
          near_stage: certified
          near_column: meta_certified_tot
          num_quantile:
          - 3
          - 5
          - 10
        run_note: "Test run for updated 2024 model pipeline. Uses 2022 data to assess\
          \ 2023\nsince full 2023 data isn't available yet\n"
        run_type: full
        toggle:
          cv_enable: false
          shap_enable: false
          upload_to_s3: true
    outs:
    - path: output/intermediate/timing/model_timing_finalize.parquet
      md5: 74ada29efbc5cf64d89da545b29a61c7
      size: 2893
    - path: output/metadata/model_metadata.parquet
      md5: 390cd0e0aaa185572d47bab98ab8de5e
      size: 25707
    - path: output/timing/model_timing.parquet
      md5: d09c25069c23828318bc95b1c25f3541
      size: 6039
    - path: reports/performance.html
      md5: 004b653e50e9513fc04ad1fc1d5ca544
      size: 80
  export:
    cmd: Rscript pipeline/07-export.R
    params:
      params.yaml:
        assessment.year: '2023'
        export:
          triad_code: '3'
          run_id: 2023-03-14-clever-damani
        input.max_sale_year: '2022'
        input.min_sale_year: '2014'
        ratio_study:
          far_year: '2020'
          far_stage: board
          far_column: meta_2yr_pri_board_tot
          near_year: '2022'
          near_stage: certified
          near_column: meta_certified_tot
          num_quantile:
          - 3
          - 5
          - 10
  upload:
    cmd: Rscript pipeline/06-upload.R
    deps:
    - path: output/assessment_card/model_assessment_card.parquet
      md5: da53ffee340aa58f967ddf929b78163f
      size: 217458089
    - path: output/assessment_pin/model_assessment_pin.parquet
      md5: 424a711e79c365b5ee5c24f497a3e280
      size: 119337180
    - path: output/feature_importance/model_feature_importance.parquet
      md5: 0806577f3014150adb5fd2590c89966b
      size: 8725
    - path: output/metadata/model_metadata.parquet
      md5: 390cd0e0aaa185572d47bab98ab8de5e
      size: 25707
    - path: output/parameter_final/model_parameter_final.parquet
      md5: 683143365b30aa13e8fbbcce129d9eae
      size: 8508
    - path: output/parameter_range/model_parameter_range.parquet
      md5: 3b2015c65992cfcc2a46b1c029d62212
      size: 501
    - path: output/parameter_search/model_parameter_search.parquet
      md5: 3b2015c65992cfcc2a46b1c029d62212
      size: 501
    - path: output/performance/model_performance_assessment.parquet
      md5: a14a8f2e20241c6577d77515a1083c91
      size: 3833175
    - path: output/performance/model_performance_test.parquet
      md5: c637fe6c10c0a4ff575a1badcf0c2035
      size: 8789566
    - path: output/performance_quantile/model_performance_quantile_assessment.parquet
      md5: 66fa93c447ac03fd896b5d019c8ffddf
      size: 1499537
    - path: output/performance_quantile/model_performance_quantile_test.parquet
      md5: 69c93f749721232da89002b7c3bb44c0
      size: 5082853
    - path: output/shap/model_shap.parquet
      md5: 3b2015c65992cfcc2a46b1c029d62212
      size: 501
    - path: output/test_card/model_test_card.parquet
      md5: c5c6c73784c299aee6f127344fd43c7c
      size: 1975282
    - path: output/timing/model_timing.parquet
      md5: d09c25069c23828318bc95b1c25f3541
      size: 6039
    - path: output/workflow/fit/model_workflow_fit.zip
      md5: 5da9b1765cb40eae119bd055a1845b56
      size: 112050
    - path: output/workflow/recipe/model_workflow_recipe.rds
      md5: bd5e6bb7237135ac0e6a97426f970b70
      size: 2013956
    - path: reports/performance.html
      md5: 004b653e50e9513fc04ad1fc1d5ca544
      size: 80
