schema: '2.0'
stages:
  ingest:
    cmd: Rscript pipeline/00-ingest.R
    params:
      params.yaml:
        assessment:
          year: '2023'
          date: '2023-01-01'
          triad: south
          group: residential
          data_year: '2022'
        input:
          min_sale_year: '2014'
          max_sale_year: '2022'
          time_split: 9
          sale_validation:
            stat_groups:
            - meta_year
            - meta_township_code
            - meta_class
            iso_forest:
            - meta_sale_price
            - sv_price_per_sqft
            - sv_days_since_last_transaction
            - sv_cgdr
            - sv_sale_dup_counts
            dev_bounds:
            - 2
            - 3
          spatial_lag:
            k: 20
            predictor:
            - meta_sale_price
            - char_bldg_sf
            - char_land_sf
            - char_rooms
            - char_beds
            - char_fbath
            - char_hbath
            - char_frpl
            - char_yrblt
            - other_tax_bill_amount_total
          complex:
            match_exact:
            - meta_township_code
            - meta_class
            - char_bsmt
            - char_gar1_size
            - char_attic_fnsh
            - char_beds
            match_fuzzy:
              rooms: 1
              bldg_sf: 25
              yrblt: 4
              dist_ft: 250
    outs:
    - path: input/assessment_data.parquet
      md5: 95b1263689af199a4f9b39c111117716
      size: 323329207
    - path: input/complex_id_data.parquet
      md5: 9605012a86b9ea71f5a733b9a8c3c91f
      size: 725122
    - path: input/land_nbhd_rate_data.parquet
      md5: 7bcbdda4239f4dffb9122002ee663ddf
      size: 1293
    - path: input/land_site_rate_data.parquet
      md5: 5128757c64eabe301358b1d41f54b2d9
      size: 1754
    - path: input/training_data.parquet
      md5: bded72965fabe69151876dcea88a1ca9
      size: 160028868
  train:
    cmd: Rscript pipeline/01-train.R
    deps:
    - path: input/training_data.parquet
      md5: bded72965fabe69151876dcea88a1ca9
      size: 160028868
    params:
      params.yaml:
        cv:
          split_prop: 0.9
          initial_set: 20
          max_iterations: 50
          no_improve: 25
          best_metric: rmse
        input.time_split: 9
        model.engine: lightgbm
        model.hyperparameter:
          default:
            num_leaves: 1363
            add_to_linked_depth: 1
            feature_fraction: 0.475
            min_gain_to_split: 3.73
            min_data_in_leaf: 7
            max_cat_threshold: 195
            min_data_per_group: 80
            cat_smooth: 40.44
            cat_l2: 0.83
            lambda_l1: 0.105
            lambda_l2: 0.024
          range:
            num_leaves:
            - 500
            - 2500
            add_to_linked_depth:
            - 1
            - 7
            feature_fraction:
            - 0.3
            - 0.8
            min_gain_to_split:
            - -4.0
            - 1.5
            min_data_in_leaf:
            - 2
            - 150
            max_cat_threshold:
            - 20
            - 250
            min_data_per_group:
            - 20
            - 200
            cat_smooth:
            - 10.0
            - 100.0
            cat_l2:
            - -3
            - 1
            lambda_l1:
            - -3
            - 1
            lambda_l2:
            - -3
            - 1
        model.objective: rmse
        model.parameter:
          num_iterations: 1500
          learning_rate: 0.05
          validation_prop: 0.0
          validation_metric: rmse
          link_max_depth: true
          max_bin: 512
          stop_iter: 40
        model.predictor:
          all:
          - meta_township_code
          - meta_nbhd_code
          - meta_tieback_proration_rate
          - char_yrblt
          - char_air
          - char_apts
          - char_attic_fnsh
          - char_attic_type
          - char_beds
          - char_bldg_sf
          - char_bsmt
          - char_bsmt_fin
          - char_ext_wall
          - char_fbath
          - char_frpl
          - char_gar1_area
          - char_gar1_att
          - char_gar1_cnst
          - char_gar1_size
          - char_hbath
          - char_land_sf
          - char_heat
          - char_ncu
          - char_porch
          - char_roof_cnst
          - char_rooms
          - char_tp_dsgn
          - char_tp_plan
          - char_type_resd
          - char_use
          - char_recent_renovation
          - loc_longitude
          - loc_latitude
          - loc_cook_municipality_name
          - loc_env_flood_fema_sfha
          - loc_env_flood_fs_factor
          - loc_env_flood_fs_risk_direction
          - loc_env_airport_noise_dnl
          - loc_env_ohare_noise_contour_no_buffer_bool
          - loc_school_elementary_district_geoid
          - loc_school_secondary_district_geoid
          - loc_school_unified_district_geoid
          - loc_tax_special_service_area_num
          - loc_access_cmap_walk_nta_score
          - loc_access_cmap_walk_total_score
          - loc_misc_subdivision_id
          - loc_cook_municipality_name
          - prox_num_pin_in_half_mile
          - prox_num_bus_stop_in_half_mile
          - prox_num_foreclosure_per_1000_pin_past_5_years
          - prox_num_school_in_half_mile
          - prox_num_school_with_rating_in_half_mile
          - prox_avg_school_rating_in_half_mile
          - prox_nearest_bike_trail_dist_ft
          - prox_nearest_cemetery_dist_ft
          - prox_nearest_cta_route_dist_ft
          - prox_nearest_cta_stop_dist_ft
          - prox_nearest_hospital_dist_ft
          - prox_lake_michigan_dist_ft
          - prox_nearest_major_road_dist_ft
          - prox_nearest_metra_route_dist_ft
          - prox_nearest_metra_stop_dist_ft
          - prox_nearest_park_dist_ft
          - prox_nearest_railroad_dist_ft
          - prox_nearest_water_dist_ft
          - prox_nearest_golf_course_dist_ft
          - acs5_percent_age_children
          - acs5_percent_age_senior
          - acs5_median_age_total
          - acs5_percent_mobility_no_move
          - acs5_percent_mobility_moved_from_other_state
          - acs5_percent_household_family_married
          - acs5_percent_household_nonfamily_alone
          - acs5_percent_education_high_school
          - acs5_percent_education_bachelor
          - acs5_percent_education_graduate
          - acs5_percent_income_below_poverty_level
          - acs5_median_income_household_past_year
          - acs5_median_income_per_capita_past_year
          - acs5_percent_income_household_received_snap_past_year
          - acs5_percent_employment_unemployed
          - acs5_median_household_total_occupied_year_built
          - acs5_median_household_renter_occupied_gross_rent
          - acs5_median_household_owner_occupied_value
          - acs5_percent_household_owner_occupied
          - acs5_percent_household_total_occupied_w_sel_cond
          - acs5_percent_mobility_moved_in_county
          - other_ihs_avg_year_index
          - other_tax_bill_rate
          - other_school_district_elementary_avg_rating
          - other_school_district_secondary_avg_rating
          - time_sale_year
          - time_sale_day
          - time_sale_quarter_of_year
          - time_sale_month_of_year
          - time_sale_day_of_year
          - time_sale_day_of_month
          - time_sale_day_of_week
          - time_sale_post_covid
          - ind_pin_is_multicard
          categorical:
          - meta_township_code
          - meta_nbhd_code
          - char_air
          - char_apts
          - char_attic_fnsh
          - char_attic_type
          - char_bsmt
          - char_bsmt_fin
          - char_ext_wall
          - char_gar1_area
          - char_gar1_att
          - char_gar1_cnst
          - char_gar1_size
          - char_heat
          - char_porch
          - char_roof_cnst
          - char_tp_dsgn
          - char_tp_plan
          - char_type_resd
          - char_use
          - loc_cook_municipality_name
          - loc_school_elementary_district_geoid
          - loc_school_secondary_district_geoid
          - loc_school_unified_district_geoid
          - loc_tax_special_service_area_num
          - loc_misc_subdivision_id
          - time_sale_quarter_of_year
          id:
          - meta_year
          - meta_pin
          - meta_class
          - meta_card_num
          - meta_sale_document_num
        model.seed: 20230117
        model.verbose: -1
        ratio_study:
          far_year: '2020'
          far_stage: board
          far_column: meta_2yr_pri_board_tot
          near_year: '2022'
          near_stage: mailed
          near_column: meta_mailed_tot
          num_quantile:
          - 3
          - 5
          - 10
        toggle.cv_enable: false
    outs:
    - path: output/intermediate/timing/model_timing_train.parquet
      md5: 3a13e341902c5638b190bc45dc46bc8b
      size: 2872
    - path: output/parameter_final/model_parameter_final.parquet
      md5: 95d6e53591192f1aa9ca96ed39f5776c
      size: 8173
    - path: output/parameter_range/model_parameter_range.parquet
      md5: f0b60caef60f8d11d1d582256677912b
      size: 696
    - path: output/parameter_search/model_parameter_search.parquet
      md5: f0b60caef60f8d11d1d582256677912b
      size: 696
    - path: output/test_card/model_test_card.parquet
      md5: 7a108c3fae947a59fae629cb3b40dee9
      size: 2024214
    - path: output/workflow/fit/model_workflow_fit.zip
      md5: 77f014da4d1c94cab60c69dbf2fd3448
      size: 41014607
    - path: output/workflow/recipe/model_workflow_recipe.rds
      md5: ac3045886c9883d12b5bf5d6c0bafb91
      size: 2330246
  assess:
    cmd: Rscript pipeline/02-assess.R
    deps:
    - path: input/assessment_data.parquet
      md5: 95b1263689af199a4f9b39c111117716
      size: 323329207
    - path: input/complex_id_data.parquet
      md5: 9605012a86b9ea71f5a733b9a8c3c91f
      size: 725122
    - path: input/land_nbhd_rate_data.parquet
      md5: 7bcbdda4239f4dffb9122002ee663ddf
      size: 1293
    - path: input/land_site_rate_data.parquet
      md5: 5128757c64eabe301358b1d41f54b2d9
      size: 1754
    - path: input/training_data.parquet
      md5: bded72965fabe69151876dcea88a1ca9
      size: 160028868
    - path: output/workflow/fit/model_workflow_fit.zip
      md5: 77f014da4d1c94cab60c69dbf2fd3448
      size: 41014607
    - path: output/workflow/recipe/model_workflow_recipe.rds
      md5: ac3045886c9883d12b5bf5d6c0bafb91
      size: 2330246
    params:
      params.yaml:
        assessment:
          year: '2023'
          date: '2023-01-01'
          triad: south
          group: residential
          data_year: '2022'
        model.predictor.all:
        - meta_township_code
        - meta_nbhd_code
        - meta_tieback_proration_rate
        - char_yrblt
        - char_air
        - char_apts
        - char_attic_fnsh
        - char_attic_type
        - char_beds
        - char_bldg_sf
        - char_bsmt
        - char_bsmt_fin
        - char_ext_wall
        - char_fbath
        - char_frpl
        - char_gar1_area
        - char_gar1_att
        - char_gar1_cnst
        - char_gar1_size
        - char_hbath
        - char_land_sf
        - char_heat
        - char_ncu
        - char_porch
        - char_roof_cnst
        - char_rooms
        - char_tp_dsgn
        - char_tp_plan
        - char_type_resd
        - char_use
        - char_recent_renovation
        - loc_longitude
        - loc_latitude
        - loc_cook_municipality_name
        - loc_env_flood_fema_sfha
        - loc_env_flood_fs_factor
        - loc_env_flood_fs_risk_direction
        - loc_env_airport_noise_dnl
        - loc_env_ohare_noise_contour_no_buffer_bool
        - loc_school_elementary_district_geoid
        - loc_school_secondary_district_geoid
        - loc_school_unified_district_geoid
        - loc_tax_special_service_area_num
        - loc_access_cmap_walk_nta_score
        - loc_access_cmap_walk_total_score
        - loc_misc_subdivision_id
        - loc_cook_municipality_name
        - prox_num_pin_in_half_mile
        - prox_num_bus_stop_in_half_mile
        - prox_num_foreclosure_per_1000_pin_past_5_years
        - prox_num_school_in_half_mile
        - prox_num_school_with_rating_in_half_mile
        - prox_avg_school_rating_in_half_mile
        - prox_nearest_bike_trail_dist_ft
        - prox_nearest_cemetery_dist_ft
        - prox_nearest_cta_route_dist_ft
        - prox_nearest_cta_stop_dist_ft
        - prox_nearest_hospital_dist_ft
        - prox_lake_michigan_dist_ft
        - prox_nearest_major_road_dist_ft
        - prox_nearest_metra_route_dist_ft
        - prox_nearest_metra_stop_dist_ft
        - prox_nearest_park_dist_ft
        - prox_nearest_railroad_dist_ft
        - prox_nearest_water_dist_ft
        - prox_nearest_golf_course_dist_ft
        - acs5_percent_age_children
        - acs5_percent_age_senior
        - acs5_median_age_total
        - acs5_percent_mobility_no_move
        - acs5_percent_mobility_moved_from_other_state
        - acs5_percent_household_family_married
        - acs5_percent_household_nonfamily_alone
        - acs5_percent_education_high_school
        - acs5_percent_education_bachelor
        - acs5_percent_education_graduate
        - acs5_percent_income_below_poverty_level
        - acs5_median_income_household_past_year
        - acs5_median_income_per_capita_past_year
        - acs5_percent_income_household_received_snap_past_year
        - acs5_percent_employment_unemployed
        - acs5_median_household_total_occupied_year_built
        - acs5_median_household_renter_occupied_gross_rent
        - acs5_median_household_owner_occupied_value
        - acs5_percent_household_owner_occupied
        - acs5_percent_household_total_occupied_w_sel_cond
        - acs5_percent_mobility_moved_in_county
        - other_ihs_avg_year_index
        - other_tax_bill_rate
        - other_school_district_elementary_avg_rating
        - other_school_district_secondary_avg_rating
        - time_sale_year
        - time_sale_day
        - time_sale_quarter_of_year
        - time_sale_month_of_year
        - time_sale_day_of_year
        - time_sale_day_of_month
        - time_sale_day_of_week
        - time_sale_post_covid
        - ind_pin_is_multicard
        pv:
          multicard_yoy_cap: 2.0
          land_pct_of_total_cap: 0.5
          round_break:
          - 1000
          - 10000
          - 100000
          round_to_nearest:
          - 1
          - 500
          - 5000
          - 10000
          round_type: floor
        ratio_study:
          far_year: '2020'
          far_stage: board
          far_column: meta_2yr_pri_board_tot
          near_year: '2022'
          near_stage: mailed
          near_column: meta_mailed_tot
          num_quantile:
          - 3
          - 5
          - 10
    outs:
    - path: output/assessment_card/model_assessment_card.parquet
      md5: ae1e46bd674e4066adb9416262b67144
      size: 221885916
    - path: output/assessment_pin/model_assessment_pin.parquet
      md5: 99bcb5a4833e754246382b7cca1f563f
      size: 94349927
    - path: output/intermediate/timing/model_timing_assess.parquet
      md5: aeaacdbe1f0bb741fe9627140cb19d80
      size: 2879
  evaluate:
    cmd: Rscript pipeline/03-evaluate.R
    deps:
    - path: output/assessment_pin/model_assessment_pin.parquet
      md5: 99bcb5a4833e754246382b7cca1f563f
      size: 94349927
    - path: output/test_card/model_test_card.parquet
      md5: 7a108c3fae947a59fae629cb3b40dee9
      size: 2024214
    params:
      params.yaml:
        assessment.data_year: '2022'
        ratio_study:
          far_year: '2020'
          far_stage: board
          far_column: meta_2yr_pri_board_tot
          near_year: '2022'
          near_stage: mailed
          near_column: meta_mailed_tot
          num_quantile:
          - 3
          - 5
          - 10
        run_type: full
    outs:
    - path: output/intermediate/timing/model_timing_evaluate.parquet
      md5: 62f2a640a51bbc40f161f9efa6087579
      size: 2914
    - path: output/performance/model_performance_assessment.parquet
      md5: bb505c8db6857a905d50c3325fc5ec08
      size: 11993431
    - path: output/performance/model_performance_test.parquet
      md5: 00f47c27f117627c48485b65ee509778
      size: 8806289
    - path: output/performance_quantile/model_performance_quantile_assessment.parquet
      md5: abb329dee5bfd5670ccbf436a8bb7e35
      size: 4723392
    - path: output/performance_quantile/model_performance_quantile_test.parquet
      md5: 7d397da6c60383b04f420a8c2e5f6688
      size: 5134152
  interpret:
    cmd: Rscript pipeline/04-interpret.R
    deps:
    - path: input/assessment_data.parquet
      md5: 95b1263689af199a4f9b39c111117716
      size: 323329207
    - path: output/workflow/fit/model_workflow_fit.zip
      md5: 77f014da4d1c94cab60c69dbf2fd3448
      size: 41014607
    - path: output/workflow/recipe/model_workflow_recipe.rds
      md5: ac3045886c9883d12b5bf5d6c0bafb91
      size: 2330246
    params:
      params.yaml:
        model.predictor.all:
        - meta_township_code
        - meta_nbhd_code
        - meta_tieback_proration_rate
        - char_yrblt
        - char_air
        - char_apts
        - char_attic_fnsh
        - char_attic_type
        - char_beds
        - char_bldg_sf
        - char_bsmt
        - char_bsmt_fin
        - char_ext_wall
        - char_fbath
        - char_frpl
        - char_gar1_area
        - char_gar1_att
        - char_gar1_cnst
        - char_gar1_size
        - char_hbath
        - char_land_sf
        - char_heat
        - char_ncu
        - char_porch
        - char_roof_cnst
        - char_rooms
        - char_tp_dsgn
        - char_tp_plan
        - char_type_resd
        - char_use
        - char_recent_renovation
        - loc_longitude
        - loc_latitude
        - loc_cook_municipality_name
        - loc_env_flood_fema_sfha
        - loc_env_flood_fs_factor
        - loc_env_flood_fs_risk_direction
        - loc_env_airport_noise_dnl
        - loc_env_ohare_noise_contour_no_buffer_bool
        - loc_school_elementary_district_geoid
        - loc_school_secondary_district_geoid
        - loc_school_unified_district_geoid
        - loc_tax_special_service_area_num
        - loc_access_cmap_walk_nta_score
        - loc_access_cmap_walk_total_score
        - loc_misc_subdivision_id
        - loc_cook_municipality_name
        - prox_num_pin_in_half_mile
        - prox_num_bus_stop_in_half_mile
        - prox_num_foreclosure_per_1000_pin_past_5_years
        - prox_num_school_in_half_mile
        - prox_num_school_with_rating_in_half_mile
        - prox_avg_school_rating_in_half_mile
        - prox_nearest_bike_trail_dist_ft
        - prox_nearest_cemetery_dist_ft
        - prox_nearest_cta_route_dist_ft
        - prox_nearest_cta_stop_dist_ft
        - prox_nearest_hospital_dist_ft
        - prox_lake_michigan_dist_ft
        - prox_nearest_major_road_dist_ft
        - prox_nearest_metra_route_dist_ft
        - prox_nearest_metra_stop_dist_ft
        - prox_nearest_park_dist_ft
        - prox_nearest_railroad_dist_ft
        - prox_nearest_water_dist_ft
        - prox_nearest_golf_course_dist_ft
        - acs5_percent_age_children
        - acs5_percent_age_senior
        - acs5_median_age_total
        - acs5_percent_mobility_no_move
        - acs5_percent_mobility_moved_from_other_state
        - acs5_percent_household_family_married
        - acs5_percent_household_nonfamily_alone
        - acs5_percent_education_high_school
        - acs5_percent_education_bachelor
        - acs5_percent_education_graduate
        - acs5_percent_income_below_poverty_level
        - acs5_median_income_household_past_year
        - acs5_median_income_per_capita_past_year
        - acs5_percent_income_household_received_snap_past_year
        - acs5_percent_employment_unemployed
        - acs5_median_household_total_occupied_year_built
        - acs5_median_household_renter_occupied_gross_rent
        - acs5_median_household_owner_occupied_value
        - acs5_percent_household_owner_occupied
        - acs5_percent_household_total_occupied_w_sel_cond
        - acs5_percent_mobility_moved_in_county
        - other_ihs_avg_year_index
        - other_tax_bill_rate
        - other_school_district_elementary_avg_rating
        - other_school_district_secondary_avg_rating
        - time_sale_year
        - time_sale_day
        - time_sale_quarter_of_year
        - time_sale_month_of_year
        - time_sale_day_of_year
        - time_sale_day_of_month
        - time_sale_day_of_week
        - time_sale_post_covid
        - ind_pin_is_multicard
    outs:
    - path: output/intermediate/timing/model_timing_interpret.parquet
      md5: 5b2cf09ac8a75a3ba2b02185654f49bc
      size: 2935
    - path: output/shap/model_shap.parquet
      md5: 9637f1252a02f3d5219e392f033dc096
      size: 900261000
  finalize:
    cmd: Rscript pipeline/05-finalize.R
    deps:
    - path: output/assessment_card/model_assessment_card.parquet
      md5: e774ce3a1dbb3abc7a44faae2d984b9a
      size: 214900842
    - path: output/assessment_pin/model_assessment_pin.parquet
      md5: 9cbdfb2312566962da8ce59438eaf9c2
      size: 102454801
    - path: output/intermediate/timing/model_timing_assess.parquet
      md5: 20e5a4d568cbdc3c2dd7c6102d7cc6d9
      size: 2338
    - path: output/intermediate/timing/model_timing_evaluate.parquet
      md5: a79afa9d2a456c75426fc8a7854e0bfc
      size: 2352
    - path: output/intermediate/timing/model_timing_interpret.parquet
      md5: c52aec3ae91f284642feb1de546e831c
      size: 2359
    - path: output/intermediate/timing/model_timing_train.parquet
      md5: 6b3fde1c4582413d504b6ac00310117f
      size: 2331
    - path: output/parameter_final/model_parameter_final.parquet
      md5: 30b3ab1a0dae6d9a739c1f1de7d8e9a1
      size: 8172
    - path: output/parameter_range/model_parameter_range.parquet
      md5: 1f71c12f05375bf2674e696d3e70eb23
      size: 695
    - path: output/parameter_search/model_parameter_search.parquet
      md5: 1f71c12f05375bf2674e696d3e70eb23
      size: 695
    - path: output/performance/model_performance_assessment.parquet
      md5: 58f8a40803e85449e60ac08a8d2f0fe5
      size: 12113819
    - path: output/performance/model_performance_test.parquet
      md5: 5b958e78f29703c14604bb5e13fb3d44
      size: 8646703
    - path: output/performance_quantile/model_performance_quantile_assessment.parquet
      md5: c5b3590bf834339870580e5428d9b605
      size: 4862604
    - path: output/performance_quantile/model_performance_quantile_test.parquet
      md5: 364e00cb790fb70005f7d3da5b68d8e7
      size: 5013631
    - path: output/shap/model_shap.parquet
      md5: 8469ec3eaad387feb9ca910b2134fadb
      size: 891060227
    - path: output/test_card/model_test_card.parquet
      md5: 3041d02224086e27bdd5f5d9fb429325
      size: 2083019
    - path: output/workflow/fit/model_workflow_fit.zip
      md5: 78a03502881f1a6b1266032e831cb094
      size: 35285194
    - path: output/workflow/recipe/model_workflow_recipe.rds
      md5: a0190c6f1481cc2afc86708f989eac91
      size: 2331294
    params:
      params.yaml:
        cv:
          split_prop: 0.9
          initial_set: 20
          max_iterations: 70
          no_improve: 25
          best_metric: rmse
        input:
          min_sale_year: '2013'
          max_sale_year: '2021'
          time_split: 9
          spatial_lag:
            k: 20
            predictor:
            - meta_sale_price
            - char_bldg_sf
            - char_land_sf
            - char_rooms
            - char_beds
            - char_fbath
            - char_hbath
            - char_frpl
            - char_yrblt
            - other_tax_bill_amount_total
          complex:
            match_exact:
            - meta_township_code
            - meta_class
            - char_bsmt
            - char_gar1_size
            - char_attic_fnsh
            - char_beds
            match_fuzzy:
              rooms: 1
              bldg_sf: 25
              yrblt: 4
              dist_ft: 250
        model:
          engine: lightgbm
          objective: rmse
          seed: 20220117
          verbose: -1
          predictor:
            all:
            - meta_township_code
            - meta_nbhd_code
            - meta_tieback_proration_rate
            - char_yrblt
            - char_air
            - char_apts
            - char_attic_fnsh
            - char_attic_type
            - char_beds
            - char_bldg_sf
            - char_bsmt
            - char_bsmt_fin
            - char_ext_wall
            - char_fbath
            - char_frpl
            - char_gar1_area
            - char_gar1_att
            - char_gar1_cnst
            - char_gar1_size
            - char_hbath
            - char_land_sf
            - char_heat
            - char_ncu
            - char_porch
            - char_roof_cnst
            - char_rooms
            - char_tp_dsgn
            - char_tp_plan
            - char_type_resd
            - char_use
            - loc_longitude
            - loc_latitude
            - loc_cook_municipality_name
            - loc_env_flood_fema_sfha
            - loc_env_flood_fs_factor
            - loc_env_flood_fs_risk_direction
            - loc_env_airport_noise_dnl
            - loc_env_ohare_noise_contour_no_buffer_bool
            - loc_school_elementary_district_geoid
            - loc_school_secondary_district_geoid
            - loc_school_unified_district_geoid
            - loc_tax_special_service_area_num
            - loc_access_cmap_walk_nta_score
            - loc_access_cmap_walk_total_score
            - loc_misc_subdivision_id
            - loc_misc_unincorporated_area_bool
            - prox_num_pin_in_half_mile
            - prox_num_bus_stop_in_half_mile
            - prox_num_foreclosure_per_1000_pin_past_5_years
            - prox_num_school_in_half_mile
            - prox_num_school_with_rating_in_half_mile
            - prox_avg_school_rating_in_half_mile
            - prox_nearest_bike_trail_dist_ft
            - prox_nearest_cemetery_dist_ft
            - prox_nearest_cta_route_dist_ft
            - prox_nearest_cta_stop_dist_ft
            - prox_nearest_hospital_dist_ft
            - prox_lake_michigan_dist_ft
            - prox_nearest_major_road_dist_ft
            - prox_nearest_metra_route_dist_ft
            - prox_nearest_metra_stop_dist_ft
            - prox_nearest_park_dist_ft
            - prox_nearest_railroad_dist_ft
            - prox_nearest_water_dist_ft
            - acs5_percent_age_children
            - acs5_percent_age_senior
            - acs5_median_age_total
            - acs5_percent_mobility_no_move
            - acs5_percent_mobility_moved_from_other_state
            - acs5_percent_household_family_married
            - acs5_percent_household_nonfamily_alone
            - acs5_percent_education_high_school
            - acs5_percent_education_bachelor
            - acs5_percent_education_graduate
            - acs5_percent_income_below_poverty_level
            - acs5_median_income_household_past_year
            - acs5_median_income_per_capita_past_year
            - acs5_percent_income_household_received_snap_past_year
            - acs5_percent_employment_unemployed
            - acs5_median_household_total_occupied_year_built
            - acs5_median_household_renter_occupied_gross_rent
            - acs5_median_household_owner_occupied_value
            - acs5_percent_household_owner_occupied
            - acs5_percent_household_total_occupied_w_sel_cond
            - acs5_percent_mobility_moved_in_county
            - other_ihs_avg_year_index
            - other_tax_bill_rate
            - other_school_district_elementary_avg_rating
            - other_school_district_secondary_avg_rating
            - time_sale_year
            - time_sale_day
            - time_sale_quarter_of_year
            - time_sale_month_of_year
            - time_sale_day_of_year
            - time_sale_day_of_month
            - time_sale_day_of_week
            - time_sale_post_covid
            - ind_pin_is_multicard
            categorical:
            - meta_township_code
            - meta_nbhd_code
            - char_air
            - char_apts
            - char_attic_fnsh
            - char_attic_type
            - char_bsmt
            - char_bsmt_fin
            - char_ext_wall
            - char_gar1_area
            - char_gar1_att
            - char_gar1_cnst
            - char_gar1_size
            - char_heat
            - char_porch
            - char_roof_cnst
            - char_tp_dsgn
            - char_tp_plan
            - char_type_resd
            - char_use
            - loc_cook_municipality_name
            - loc_school_elementary_district_geoid
            - loc_school_secondary_district_geoid
            - loc_school_unified_district_geoid
            - loc_tax_special_service_area_num
            - loc_misc_subdivision_id
            - time_sale_quarter_of_year
            id:
            - meta_year
            - meta_pin
            - meta_class
            - meta_card_num
            - meta_sale_document_num
          parameter:
            num_iterations: 1500
            learning_rate: 0.05
            validation_prop: 0.0
            validation_metric: rmse
            link_max_depth: true
            max_bin: 2000
            stop_iter: 40
          hyperparameter:
            default:
              num_leaves: 1363
              add_to_linked_depth: 1
              feature_fraction: 0.475
              min_gain_to_split: 3.73
              min_data_in_leaf: 7
              max_cat_threshold: 195
              min_data_per_group: 80
              cat_smooth: 40.44
              cat_l2: 0.83
              lambda_l1: 0.105
              lambda_l2: 0.024
            range:
              num_leaves:
              - 500
              - 2500
              add_to_linked_depth:
              - 1
              - 7
              feature_fraction:
              - 0.3
              - 0.8
              min_gain_to_split:
              - -4.0
              - 1.5
              min_data_in_leaf:
              - 2
              - 150
              max_cat_threshold:
              - 20
              - 250
              min_data_per_group:
              - 20
              - 200
              cat_smooth:
              - 10.0
              - 100.0
              cat_l2:
              - -3
              - 1
              lambda_l1:
              - -3
              - 1
              lambda_l2:
              - -3
              - 1
        pv:
          multicard_yoy_cap: 2.0
          land_pct_of_total_cap: 0.5
          round_break:
          - 1000
          - 10000
          - 100000
          round_to_nearest:
          - 1
          - 500
          - 5000
          - 10000
          round_type: floor
        ratio_study:
          far_year: '2019'
          far_stage: board
          far_column: meta_2yr_pri_board_tot
          near_year: '2021'
          near_stage: mailed
          near_column: meta_mailed_tot
          num_quantile:
          - 3
          - 5
          - 10
        run_note: "Disabled early stopping. Added more late 2021 sales. No CV. Same\
          \ as nostalgic-gabe\n"
        run_type: full
        toggle:
          cv_enable: false
          upload_to_s3: true
    outs:
    - path: output/metadata/model_metadata.parquet
      md5: 4a9ba6c1b9ef8a1524c34d327eb3aaa7
      size: 23703
    - path: output/timing/model_timing.parquet
      md5: 78c6ddd312f12a1c714afeae5d46082b
      size: 5207
  export:
    cmd: Rscript pipeline/06-export.R
    params:
      params.yaml:
        assessment.year: '2022'
        export:
          triad_code: '2'
          run_id_res: nostalgic-gabe-2022-03-13
          run_id_condo:
        ratio_study:
          far_year: '2019'
          far_stage: board
          far_column: meta_2yr_pri_board_tot
          near_year: '2021'
          near_stage: mailed
          near_column: meta_mailed_tot
          num_quantile:
          - 3
          - 5
          - 10
